
Microsoft Visual Studio Solution File, Format Version 12.00
Project("{FAE04EC0-301F-11D3-BF4B-00C04F79EFBC}") = "KontursvetStore.Api", "KontursvetStore.Api\KontursvetStore.Api.csproj", "{CF533FF1-0F5C-4984-A64F-19EAA6FD8A2E}"
EndProject
Project("{2150E333-8FDC-42A3-9474-1A3956D46DE8}") = "Solution Items", "Solution Items", "{0D3D1EE3-0B84-4350-AD84-525959FFD1DE}"
	ProjectSection(SolutionItems) = preProject
		compose.yaml = compose.yaml
	EndProjectSection
EndProject
Project("{FAE04EC0-301F-11D3-BF4B-00C04F79EFBC}") = "KontursvetStore.Core", "KontursvetStore.Core\KontursvetStore.Core.csproj", "{DB5A6E87-6D51-44AC-BDF4-EDC5A18F968C}"
EndProject
Project("{FAE04EC0-301F-11D3-BF4B-00C04F79EFBC}") = "KontursvetStore.DataAccess", "KontursvetStore.DataAccess\KontursvetStore.DataAccess.csproj", "{28C4A7E6-EDEB-4E65-9527-3D0C1D20C622}"
EndProject
Project("{FAE04EC0-301F-11D3-BF4B-00C04F79EFBC}") = "KontursvetStore.Application", "KontursvetStore.Application\KontursvetStore.Application.csproj", "{B8295D1D-A1F1-4E6C-962E-0807D9F3E8A5}"
EndProject
Global
	GlobalSection(SolutionConfigurationPlatforms) = preSolution
		Debug|Any CPU = Debug|Any CPU
		Release|Any CPU = Release|Any CPU
	EndGlobalSection
	GlobalSection(ProjectConfigurationPlatforms) = postSolution
		{CF533FF1-0F5C-4984-A64F-19EAA6FD8A2E}.Debug|Any CPU.ActiveCfg = Debug|Any CPU
		{CF533FF1-0F5C-4984-A64F-19EAA6FD8A2E}.Debug|Any CPU.Build.0 = Debug|Any CPU
		{CF533FF1-0F5C-4984-A64F-19EAA6FD8A2E}.Release|Any CPU.ActiveCfg = Release|Any CPU
		{CF533FF1-0F5C-4984-A64F-19EAA6FD8A2E}.Release|Any CPU.Build.0 = Release|Any CPU
		{DB5A6E87-6D51-44AC-BDF4-EDC5A18F968C}.Debug|Any CPU.ActiveCfg = Debug|Any CPU
		{DB5A6E87-6D51-44AC-BDF4-EDC5A18F968C}.Debug|Any CPU.Build.0 = Debug|Any CPU
		{DB5A6E87-6D51-44AC-BDF4-EDC5A18F968C}.Release|Any CPU.ActiveCfg = Release|Any CPU
		{DB5A6E87-6D51-44AC-BDF4-EDC5A18F968C}.Release|Any CPU.Build.0 = Release|Any CPU
		{28C4A7E6-EDEB-4E65-9527-3D0C1D20C622}.Debug|Any CPU.ActiveCfg = Debug|Any CPU
		{28C4A7E6-EDEB-4E65-9527-3D0C1D20C622}.Debug|Any CPU.Build.0 = Debug|Any CPU
		{28C4A7E6-EDEB-4E65-9527-3D0C1D20C622}.Release|Any CPU.ActiveCfg = Release|Any CPU
		{28C4A7E6-EDEB-4E65-9527-3D0C1D20C622}.Release|Any CPU.Build.0 = Release|Any CPU
		{B8295D1D-A1F1-4E6C-962E-0807D9F3E8A5}.Debug|Any CPU.ActiveCfg = Debug|Any CPU
		{B8295D1D-A1F1-4E6C-962E-0807D9F3E8A5}.Debug|Any CPU.Build.0 = Debug|Any CPU
		{B8295D1D-A1F1-4E6C-962E-0807D9F3E8A5}.Release|Any CPU.ActiveCfg = Release|Any CPU
		{B8295D1D-A1F1-4E6C-962E-0807D9F3E8A5}.Release|Any CPU.Build.0 = Release|Any CPU
	EndGlobalSection
EndGlobal
